// !$*UTF8*$!
{
	archiveVersion = 1;
	classes = {
	};
	objectVersion = 55;
	objects = {

/* Begin PBXBuildFile section */
		0098F83E2843144C00D129C6 /* PaddingLabel.swift in Sources */ = {isa = PBXBuildFile; fileRef = 0098F83D2843144C00D129C6 /* PaddingLabel.swift */; };
		009EAA47283DFE3D00AB1CF7 /* AppDelegate.swift in Sources */ = {isa = PBXBuildFile; fileRef = 009EAA46283DFE3D00AB1CF7 /* AppDelegate.swift */; };
		009EAA49283DFE3D00AB1CF7 /* SceneDelegate.swift in Sources */ = {isa = PBXBuildFile; fileRef = 009EAA48283DFE3D00AB1CF7 /* SceneDelegate.swift */; };
		009EAA4B283DFE3D00AB1CF7 /* ViewController.swift in Sources */ = {isa = PBXBuildFile; fileRef = 009EAA4A283DFE3D00AB1CF7 /* ViewController.swift */; };
		009EAA4E283DFE3D00AB1CF7 /* Main.storyboard in Resources */ = {isa = PBXBuildFile; fileRef = 009EAA4C283DFE3D00AB1CF7 /* Main.storyboard */; };
		009EAA50283DFE3E00AB1CF7 /* Assets.xcassets in Resources */ = {isa = PBXBuildFile; fileRef = 009EAA4F283DFE3E00AB1CF7 /* Assets.xcassets */; };
		009EAA53283DFE3E00AB1CF7 /* LaunchScreen.storyboard in Resources */ = {isa = PBXBuildFile; fileRef = 009EAA51283DFE3E00AB1CF7 /* LaunchScreen.storyboard */; };
		009EAA60283E029800AB1CF7 /* Onboarding.storyboard in Resources */ = {isa = PBXBuildFile; fileRef = 009EAA5F283E029800AB1CF7 /* Onboarding.storyboard */; };
		009EAA62283E048900AB1CF7 /* ViewControllerExtension.swift in Sources */ = {isa = PBXBuildFile; fileRef = 009EAA61283E048900AB1CF7 /* ViewControllerExtension.swift */; };
		00E6942D283F743E00C32AF9 /* LocalSearchViewController.swift in Sources */ = {isa = PBXBuildFile; fileRef = 00E6942C283F743E00C32AF9 /* LocalSearchViewController.swift */; };
		00E6942F283F7E3400C32AF9 /* MockTown.swift in Sources */ = {isa = PBXBuildFile; fileRef = 00E6942E283F7E3400C32AF9 /* MockTown.swift */; };
		00E69433283F7F5800C32AF9 /* Town.swift in Sources */ = {isa = PBXBuildFile; fileRef = 00E69432283F7F5800C32AF9 /* Town.swift */; };
		00E69437283FC23100C32AF9 /* UITextField.swift in Sources */ = {isa = PBXBuildFile; fileRef = 00E69436283FC23100C32AF9 /* UITextField.swift */; };
/* End PBXBuildFile section */

/* Begin PBXFileReference section */
		0098F83D2843144C00D129C6 /* PaddingLabel.swift */ = {isa = PBXFileReference; lastKnownFileType = sourcecode.swift; path = PaddingLabel.swift; sourceTree = "<group>"; };
		009EAA43283DFE3D00AB1CF7 /* CarrotMarket.app */ = {isa = PBXFileReference; explicitFileType = wrapper.application; includeInIndex = 0; path = CarrotMarket.app; sourceTree = BUILT_PRODUCTS_DIR; };
		009EAA46283DFE3D00AB1CF7 /* AppDelegate.swift */ = {isa = PBXFileReference; lastKnownFileType = sourcecode.swift; path = AppDelegate.swift; sourceTree = "<group>"; };
		009EAA48283DFE3D00AB1CF7 /* SceneDelegate.swift */ = {isa = PBXFileReference; lastKnownFileType = sourcecode.swift; path = SceneDelegate.swift; sourceTree = "<group>"; };
		009EAA4A283DFE3D00AB1CF7 /* ViewController.swift */ = {isa = PBXFileReference; lastKnownFileType = sourcecode.swift; path = ViewController.swift; sourceTree = "<group>"; };
		009EAA4D283DFE3D00AB1CF7 /* Base */ = {isa = PBXFileReference; lastKnownFileType = file.storyboard; name = Base; path = Base.lproj/Main.storyboard; sourceTree = "<group>"; };
		009EAA4F283DFE3E00AB1CF7 /* Assets.xcassets */ = {isa = PBXFileReference; lastKnownFileType = folder.assetcatalog; path = Assets.xcassets; sourceTree = "<group>"; };
		009EAA52283DFE3E00AB1CF7 /* Base */ = {isa = PBXFileReference; lastKnownFileType = file.storyboard; name = Base; path = Base.lproj/LaunchScreen.storyboard; sourceTree = "<group>"; };
		009EAA54283DFE3E00AB1CF7 /* Info.plist */ = {isa = PBXFileReference; lastKnownFileType = text.plist.xml; path = Info.plist; sourceTree = "<group>"; };
		009EAA5F283E029800AB1CF7 /* Onboarding.storyboard */ = {isa = PBXFileReference; lastKnownFileType = file.storyboard; path = Onboarding.storyboard; sourceTree = "<group>"; };
		009EAA61283E048900AB1CF7 /* ViewControllerExtension.swift */ = {isa = PBXFileReference; lastKnownFileType = sourcecode.swift; path = ViewControllerExtension.swift; sourceTree = "<group>"; };
		00E6942C283F743E00C32AF9 /* LocalSearchViewController.swift */ = {isa = PBXFileReference; lastKnownFileType = sourcecode.swift; path = LocalSearchViewController.swift; sourceTree = "<group>"; };
		00E6942E283F7E3400C32AF9 /* MockTown.swift */ = {isa = PBXFileReference; lastKnownFileType = sourcecode.swift; path = MockTown.swift; sourceTree = "<group>"; };
		00E69432283F7F5800C32AF9 /* Town.swift */ = {isa = PBXFileReference; lastKnownFileType = sourcecode.swift; path = Town.swift; sourceTree = "<group>"; };
		00E69436283FC23100C32AF9 /* UITextField.swift */ = {isa = PBXFileReference; lastKnownFileType = sourcecode.swift; path = UITextField.swift; sourceTree = "<group>"; };
/* End PBXFileReference section */

/* Begin PBXFrameworksBuildPhase section */
		009EAA40283DFE3D00AB1CF7 /* Frameworks */ = {
			isa = PBXFrameworksBuildPhase;
			buildActionMask = 2147483647;
			files = (
			);
			runOnlyForDeploymentPostprocessing = 0;
		};
/* End PBXFrameworksBuildPhase section */

/* Begin PBXGroup section */
		0098F83C2843143F00D129C6 /* Helpers */ = {
			isa = PBXGroup;
			children = (
				0098F83D2843144C00D129C6 /* PaddingLabel.swift */,
			);
			path = Helpers;
			sourceTree = "<group>";
		};
		009EAA3A283DFE3D00AB1CF7 = {
			isa = PBXGroup;
			children = (
				009EAA45283DFE3D00AB1CF7 /* CarrotMarket */,
				009EAA44283DFE3D00AB1CF7 /* Products */,
			);
			sourceTree = "<group>";
		};
		009EAA44283DFE3D00AB1CF7 /* Products */ = {
			isa = PBXGroup;
			children = (
				009EAA43283DFE3D00AB1CF7 /* CarrotMarket.app */,
			);
			name = Products;
			sourceTree = "<group>";
		};
		009EAA45283DFE3D00AB1CF7 /* CarrotMarket */ = {
			isa = PBXGroup;
			children = (
				00E69430283F7EEF00C32AF9 /* DataSource */,
				00E6942B283F742D00C32AF9 /* ViewController */,
				009EAA5E283DFF7E00AB1CF7 /* Extension */,
				009EAA5D283DFF7B00AB1CF7 /* Model */,
				009EAA5C283DFF7600AB1CF7 /* ViewModel */,
				009EAA5B283DFF7100AB1CF7 /* View */,
				009EAA5A283DFF6400AB1CF7 /* System */,
				009EAA4C283DFE3D00AB1CF7 /* Main.storyboard */,
				009EAA5F283E029800AB1CF7 /* Onboarding.storyboard */,
				009EAA4F283DFE3E00AB1CF7 /* Assets.xcassets */,
				009EAA51283DFE3E00AB1CF7 /* LaunchScreen.storyboard */,
				009EAA54283DFE3E00AB1CF7 /* Info.plist */,
			);
			path = CarrotMarket;
			sourceTree = "<group>";
		};
		009EAA5A283DFF6400AB1CF7 /* System */ = {
			isa = PBXGroup;
			children = (
				009EAA46283DFE3D00AB1CF7 /* AppDelegate.swift */,
				009EAA48283DFE3D00AB1CF7 /* SceneDelegate.swift */,
			);
			path = System;
			sourceTree = "<group>";
		};
		009EAA5B283DFF7100AB1CF7 /* View */ = {
			isa = PBXGroup;
			children = (
				0098F83C2843143F00D129C6 /* Helpers */,
			);
			path = View;
			sourceTree = "<group>";
		};
		009EAA5C283DFF7600AB1CF7 /* ViewModel */ = {
			isa = PBXGroup;
			children = (
			);
			path = ViewModel;
			sourceTree = "<group>";
		};
		009EAA5D283DFF7B00AB1CF7 /* Model */ = {
			isa = PBXGroup;
			children = (
				00E69432283F7F5800C32AF9 /* Town.swift */,
			);
			path = Model;
			sourceTree = "<group>";
		};
		009EAA5E283DFF7E00AB1CF7 /* Extension */ = {
			isa = PBXGroup;
			children = (
				009EAA61283E048900AB1CF7 /* ViewControllerExtension.swift */,
				00E69436283FC23100C32AF9 /* UITextField.swift */,
			);
			path = Extension;
			sourceTree = "<group>";
		};
		00E6942B283F742D00C32AF9 /* ViewController */ = {
			isa = PBXGroup;
			children = (
				009EAA4A283DFE3D00AB1CF7 /* ViewController.swift */,
				00E6942C283F743E00C32AF9 /* LocalSearchViewController.swift */,
			);
			path = ViewController;
			sourceTree = "<group>";
		};
		00E69430283F7EEF00C32AF9 /* DataSource */ = {
			isa = PBXGroup;
			children = (
				00E69431283F7F4200C32AF9 /* Town */,
			);
			path = DataSource;
			sourceTree = "<group>";
		};
		00E69431283F7F4200C32AF9 /* Town */ = {
			isa = PBXGroup;
			children = (
				00E6942E283F7E3400C32AF9 /* MockTown.swift */,
			);
			path = Town;
			sourceTree = "<group>";
		};
/* End PBXGroup section */

/* Begin PBXNativeTarget section */
		009EAA42283DFE3D00AB1CF7 /* CarrotMarket */ = {
			isa = PBXNativeTarget;
			buildConfigurationList = 009EAA57283DFE3E00AB1CF7 /* Build configuration list for PBXNativeTarget "CarrotMarket" */;
			buildPhases = (
				009EAA3F283DFE3D00AB1CF7 /* Sources */,
				009EAA40283DFE3D00AB1CF7 /* Frameworks */,
				009EAA41283DFE3D00AB1CF7 /* Resources */,
			);
			buildRules = (
			);
			dependencies = (
			);
			name = CarrotMarket;
			productName = CarrotMarket;
			productReference = 009EAA43283DFE3D00AB1CF7 /* CarrotMarket.app */;
			productType = "com.apple.product-type.application";
		};
/* End PBXNativeTarget section */

/* Begin PBXProject section */
		009EAA3B283DFE3D00AB1CF7 /* Project object */ = {
			isa = PBXProject;
			attributes = {
				BuildIndependentTargetsInParallel = 1;
				LastSwiftUpdateCheck = 1340;
				LastUpgradeCheck = 1340;
				TargetAttributes = {
					009EAA42283DFE3D00AB1CF7 = {
						CreatedOnToolsVersion = 13.4;
					};
				};
			};
			buildConfigurationList = 009EAA3E283DFE3D00AB1CF7 /* Build configuration list for PBXProject "CarrotMarket" */;
			compatibilityVersion = "Xcode 13.0";
			developmentRegion = en;
			hasScannedForEncodings = 0;
			knownRegions = (
				en,
				Base,
			);
			mainGroup = 009EAA3A283DFE3D00AB1CF7;
			productRefGroup = 009EAA44283DFE3D00AB1CF7 /* Products */;
			projectDirPath = "";
			projectRoot = "";
			targets = (
				009EAA42283DFE3D00AB1CF7 /* CarrotMarket */,
			);
		};
/* End PBXProject section */

/* Begin PBXResourcesBuildPhase section */
		009EAA41283DFE3D00AB1CF7 /* Resources */ = {
			isa = PBXResourcesBuildPhase;
			buildActionMask = 2147483647;
			files = (
				009EAA53283DFE3E00AB1CF7 /* LaunchScreen.storyboard in Resources */,
				009EAA50283DFE3E00AB1CF7 /* Assets.xcassets in Resources */,
				009EAA4E283DFE3D00AB1CF7 /* Main.storyboard in Resources */,
				009EAA60283E029800AB1CF7 /* Onboarding.storyboard in Resources */,
			);
			runOnlyForDeploymentPostprocessing = 0;
		};
/* End PBXResourcesBuildPhase section */

/* Begin PBXSourcesBuildPhase section */
		009EAA3F283DFE3D00AB1CF7 /* Sources */ = {
			isa = PBXSourcesBuildPhase;
			buildActionMask = 2147483647;
			files = (
				009EAA4B283DFE3D00AB1CF7 /* ViewController.swift in Sources */,
				00E6942F283F7E3400C32AF9 /* MockTown.swift in Sources */,
				009EAA47283DFE3D00AB1CF7 /* AppDelegate.swift in Sources */,
				00E69437283FC23100C32AF9 /* UITextField.swift in Sources */,
				00E69433283F7F5800C32AF9 /* Town.swift in Sources */,
				00E6942D283F743E00C32AF9 /* LocalSearchViewController.swift in Sources */,
				0098F83E2843144C00D129C6 /* PaddingLabel.swift in Sources */,
				009EAA62283E048900AB1CF7 /* ViewControllerExtension.swift in Sources */,
				009EAA49283DFE3D00AB1CF7 /* SceneDelegate.swift in Sources */,
			);
			runOnlyForDeploymentPostprocessing = 0;
		};
/* End PBXSourcesBuildPhase section */

/* Begin PBXVariantGroup section */
		009EAA4C283DFE3D00AB1CF7 /* Main.storyboard */ = {
			isa = PBXVariantGroup;
			children = (
				009EAA4D283DFE3D00AB1CF7 /* Base */,
			);
			name = Main.storyboard;
			sourceTree = "<group>";
		};
		009EAA51283DFE3E00AB1CF7 /* LaunchScreen.storyboard */ = {
			isa = PBXVariantGroup;
			children = (
				009EAA52283DFE3E00AB1CF7 /* Base */,
			);
			name = LaunchScreen.storyboard;
			sourceTree = "<group>";
		};
/* End PBXVariantGroup section */

/* Begin XCBuildConfiguration section */
		009EAA55283DFE3E00AB1CF7 /* Debug */ = {
			isa = XCBuildConfiguration;
			buildSettings = {
				ALWAYS_SEARCH_USER_PATHS = NO;
				CLANG_ANALYZER_NONNULL = YES;
				CLANG_ANALYZER_NUMBER_OBJECT_CONVERSION = YES_AGGRESSIVE;
				CLANG_CXX_LANGUAGE_STANDARD = "gnu++17";
				CLANG_ENABLE_MODULES = YES;
				CLANG_ENABLE_OBJC_ARC = YES;
				CLANG_ENABLE_OBJC_WEAK = YES;
				CLANG_WARN_BLOCK_CAPTURE_AUTORELEASING = YES;
				CLANG_WARN_BOOL_CONVERSION = YES;
				CLANG_WARN_COMMA = YES;
				CLANG_WARN_CONSTANT_CONVERSION = YES;
				CLANG_WARN_DEPRECATED_OBJC_IMPLEMENTATIONS = YES;
				CLANG_WARN_DIRECT_OBJC_ISA_USAGE = YES_ERROR;
				CLANG_WARN_DOCUMENTATION_COMMENTS = YES;
				CLANG_WARN_EMPTY_BODY = YES;
				CLANG_WARN_ENUM_CONVERSION = YES;
				CLANG_WARN_INFINITE_RECURSION = YES;
				CLANG_WARN_INT_CONVERSION = YES;
				CLANG_WARN_NON_LITERAL_NULL_CONVERSION = YES;
				CLANG_WARN_OBJC_IMPLICIT_RETAIN_SELF = YES;
				CLANG_WARN_OBJC_LITERAL_CONVERSION = YES;
				CLANG_WARN_OBJC_ROOT_CLASS = YES_ERROR;
				CLANG_WARN_QUOTED_INCLUDE_IN_FRAMEWORK_HEADER = YES;
				CLANG_WARN_RANGE_LOOP_ANALYSIS = YES;
				CLANG_WARN_STRICT_PROTOTYPES = YES;
				CLANG_WARN_SUSPICIOUS_MOVE = YES;
				CLANG_WARN_UNGUARDED_AVAILABILITY = YES_AGGRESSIVE;
				CLANG_WARN_UNREACHABLE_CODE = YES;
				CLANG_WARN__DUPLICATE_METHOD_MATCH = YES;
				COPY_PHASE_STRIP = NO;
				DEBUG_INFORMATION_FORMAT = dwarf;
				ENABLE_STRICT_OBJC_MSGSEND = YES;
				ENABLE_TESTABILITY = YES;
				GCC_C_LANGUAGE_STANDARD = gnu11;
				GCC_DYNAMIC_NO_PIC = NO;
				GCC_NO_COMMON_BLOCKS = YES;
				GCC_OPTIMIZATION_LEVEL = 0;
				GCC_PREPROCESSOR_DEFINITIONS = (
					"DEBUG=1",
					"$(inherited)",
				);
				GCC_WARN_64_TO_32_BIT_CONVERSION = YES;
				GCC_WARN_ABOUT_RETURN_TYPE = YES_ERROR;
				GCC_WARN_UNDECLARED_SELECTOR = YES;
				GCC_WARN_UNINITIALIZED_AUTOS = YES_AGGRESSIVE;
				GCC_WARN_UNUSED_FUNCTION = YES;
				GCC_WARN_UNUSED_VARIABLE = YES;
				IPHONEOS_DEPLOYMENT_TARGET = 15.5;
				MTL_ENABLE_DEBUG_INFO = INCLUDE_SOURCE;
				MTL_FAST_MATH = YES;
				ONLY_ACTIVE_ARCH = YES;
				SDKROOT = iphoneos;
				SWIFT_ACTIVE_COMPILATION_CONDITIONS = DEBUG;
				SWIFT_OPTIMIZATION_LEVEL = "-Onone";
			};
			name = Debug;
		};
		009EAA56283DFE3E00AB1CF7 /* Release */ = {
			isa = XCBuildConfiguration;
			buildSettings = {
				ALWAYS_SEARCH_USER_PATHS = NO;
				CLANG_ANALYZER_NONNULL = YES;
				CLANG_ANALYZER_NUMBER_OBJECT_CONVERSION = YES_AGGRESSIVE;
				CLANG_CXX_LANGUAGE_STANDARD = "gnu++17";
				CLANG_ENABLE_MODULES = YES;
				CLANG_ENABLE_OBJC_ARC = YES;
				CLANG_ENABLE_OBJC_WEAK = YES;
				CLANG_WARN_BLOCK_CAPTURE_AUTORELEASING = YES;
				CLANG_WARN_BOOL_CONVERSION = YES;
				CLANG_WARN_COMMA = YES;
				CLANG_WARN_CONSTANT_CONVERSION = YES;
				CLANG_WARN_DEPRECATED_OBJC_IMPLEMENTATIONS = YES;
				CLANG_WARN_DIRECT_OBJC_ISA_USAGE = YES_ERROR;
				CLANG_WARN_DOCUMENTATION_COMMENTS = YES;
				CLANG_WARN_EMPTY_BODY = YES;
				CLANG_WARN_ENUM_CONVERSION = YES;
				CLANG_WARN_INFINITE_RECURSION = YES;
				CLANG_WARN_INT_CONVERSION = YES;
				CLANG_WARN_NON_LITERAL_NULL_CONVERSION = YES;
				CLANG_WARN_OBJC_IMPLICIT_RETAIN_SELF = YES;
				CLANG_WARN_OBJC_LITERAL_CONVERSION = YES;
				CLANG_WARN_OBJC_ROOT_CLASS = YES_ERROR;
				CLANG_WARN_QUOTED_INCLUDE_IN_FRAMEWORK_HEADER = YES;
				CLANG_WARN_RANGE_LOOP_ANALYSIS = YES;
				CLANG_WARN_STRICT_PROTOTYPES = YES;
				CLANG_WARN_SUSPICIOUS_MOVE = YES;
				CLANG_WARN_UNGUARDED_AVAILABILITY = YES_AGGRESSIVE;
				CLANG_WARN_UNREACHABLE_CODE = YES;
				CLANG_WARN__DUPLICATE_METHOD_MATCH = YES;
				COPY_PHASE_STRIP = NO;
				DEBUG_INFORMATION_FORMAT = "dwarf-with-dsym";
				ENABLE_NS_ASSERTIONS = NO;
				ENABLE_STRICT_OBJC_MSGSEND = YES;
				GCC_C_LANGUAGE_STANDARD = gnu11;
				GCC_NO_COMMON_BLOCKS = YES;
				GCC_WARN_64_TO_32_BIT_CONVERSION = YES;
				GCC_WARN_ABOUT_RETURN_TYPE = YES_ERROR;
				GCC_WARN_UNDECLARED_SELECTOR = YES;
				GCC_WARN_UNINITIALIZED_AUTOS = YES_AGGRESSIVE;
				GCC_WARN_UNUSED_FUNCTION = YES;
				GCC_WARN_UNUSED_VARIABLE = YES;
				IPHONEOS_DEPLOYMENT_TARGET = 15.5;
				MTL_ENABLE_DEBUG_INFO = NO;
				MTL_FAST_MATH = YES;
				SDKROOT = iphoneos;
				SWIFT_COMPILATION_MODE = wholemodule;
				SWIFT_OPTIMIZATION_LEVEL = "-O";
				VALIDATE_PRODUCT = YES;
			};
			name = Release;
		};
		009EAA58283DFE3E00AB1CF7 /* Debug */ = {
			isa = XCBuildConfiguration;
			buildSettings = {
				ASSETCATALOG_COMPILER_APPICON_NAME = AppIcon;
				ASSETCATALOG_COMPILER_GLOBAL_ACCENT_COLOR_NAME = AccentColor;
				CODE_SIGN_STYLE = Automatic;
				CURRENT_PROJECT_VERSION = 1;
				DEVELOPMENT_TEAM = 44RS35G3C5;
				GENERATE_INFOPLIST_FILE = YES;
				INFOPLIST_FILE = CarrotMarket/Info.plist;
				INFOPLIST_KEY_UIApplicationSupportsIndirectInputEvents = YES;
				INFOPLIST_KEY_UILaunchStoryboardName = LaunchScreen;
				INFOPLIST_KEY_UIMainStoryboardFile = Onboarding;
				INFOPLIST_KEY_UISupportedInterfaceOrientations_iPad = "UIInterfaceOrientationPortrait UIInterfaceOrientationPortraitUpsideDown UIInterfaceOrientationLandscapeLeft UIInterfaceOrientationLandscapeRight";
				INFOPLIST_KEY_UISupportedInterfaceOrientations_iPhone = "UIInterfaceOrientationPortrait UIInterfaceOrientationLandscapeLeft UIInterfaceOrientationLandscapeRight";
				IPHONEOS_DEPLOYMENT_TARGET = 14.0;
				LD_RUNPATH_SEARCH_PATHS = (
					"$(inherited)",
					"@executable_path/Frameworks",
				);
				MARKETING_VERSION = 1.0;
				PRODUCT_BUNDLE_IDENTIFIER = per.jongho.CarrotMarket;
				PRODUCT_NAME = "$(TARGET_NAME)";
				SWIFT_EMIT_LOC_STRINGS = YES;
				SWIFT_VERSION = 5.0;
				TARGETED_DEVICE_FAMILY = 1;
			};
			name = Debug;
		};
		009EAA59283DFE3E00AB1CF7 /* Release */ = {
			isa = XCBuildConfiguration;
			buildSettings = {
				ASSETCATALOG_COMPILER_APPICON_NAME = AppIcon;
				ASSETCATALOG_COMPILER_GLOBAL_ACCENT_COLOR_NAME = AccentColor;
				CODE_SIGN_STYLE = Automatic;
				CURRENT_PROJECT_VERSION = 1;
				DEVELOPMENT_TEAM = 44RS35G3C5;
				GENERATE_INFOPLIST_FILE = YES;
				INFOPLIST_FILE = CarrotMarket/Info.plist;
				INFOPLIST_KEY_UIApplicationSupportsIndirectInputEvents = YES;
				INFOPLIST_KEY_UILaunchStoryboardName = LaunchScreen;
				INFOPLIST_KEY_UIMainStoryboardFile = Onboarding;
				INFOPLIST_KEY_UISupportedInterfaceOrientations_iPad = "UIInterfaceOrientationPortrait UIInterfaceOrientationPortraitUpsideDown UIInterfaceOrientationLandscapeLeft UIInterfaceOrientationLandscapeRight";
				INFOPLIST_KEY_UISupportedInterfaceOrientations_iPhone = "UIInterfaceOrientationPortrait UIInterfaceOrientationLandscapeLeft UIInterfaceOrientationLandscapeRight";
				IPHONEOS_DEPLOYMENT_TARGET = 14.0;
				LD_RUNPATH_SEARCH_PATHS = (
					"$(inherited)",
					"@executable_path/Frameworks",
				);
				MARKETING_VERSION = 1.0;
				PRODUCT_BUNDLE_IDENTIFIER = per.jongho.CarrotMarket;
				PRODUCT_NAME = "$(TARGET_NAME)";
				SWIFT_EMIT_LOC_STRINGS = YES;
				SWIFT_VERSION = 5.0;
				TARGETED_DEVICE_FAMILY = 1;
			};
			name = Release;
		};
/* End XCBuildConfiguration section */

/* Begin XCConfigurationList section */
		009EAA3E283DFE3D00AB1CF7 /* Build configuration list for PBXProject "CarrotMarket" */ = {
			isa = XCConfigurationList;
			buildConfigurations = (
				009EAA55283DFE3E00AB1CF7 /* Debug */,
				009EAA56283DFE3E00AB1CF7 /* Release */,
			);
			defaultConfigurationIsVisible = 0;
			defaultConfigurationName = Release;
		};
		009EAA57283DFE3E00AB1CF7 /* Build configuration list for PBXNativeTarget "CarrotMarket" */ = {
			isa = XCConfigurationList;
			buildConfigurations = (
				009EAA58283DFE3E00AB1CF7 /* Debug */,
				009EAA59283DFE3E00AB1CF7 /* Release */,
			);
			defaultConfigurationIsVisible = 0;
			defaultConfigurationName = Release;
		};
/* End XCConfigurationList section */
	};
	rootObject = 009EAA3B283DFE3D00AB1CF7 /* Project object */;
}
